# @generated by Move, please check-in and do not edit manually.

[move]
version = 3
manifest_digest = "56AB906F6A6F504B6274EE58AD090A44CC4519D227166E4BF5051DFA7F8627F9"
deps_digest = "F8BBB0CCB2491CA29A3DF03D6F92277A4F3574266507ACD77214D37ECA3F3082"
dependencies = [
  { id = "Sui", name = "Sui" },
]

[[move.package]]
id = "MoveStdlib"
source = { git = "https://github.com/MystenLabs/sui.git", rev = "mainnet-v1.38.3", subdir = "crates/sui-framework/packages/move-stdlib" }

[[move.package]]
id = "Sui"
source = { git = "https://github.com/MystenLabs/sui.git", rev = "mainnet-v1.38.3", subdir = "crates/sui-framework/packages/sui-framework" }

dependencies = [
  { id = "MoveStdlib", name = "MoveStdlib" },
]

[move.toolchain-version]
compiler-version = "1.39.1"
edition = "2024"
flavor = "sui"

[env.localnet]
chain-id = "016d0f4f"
original-published-id = "0xcb445ba8c49a626b26ba102e4aa342593503949e02f8251b10e6d9c71c0b1fef"
latest-published-id = "0xcb445ba8c49a626b26ba102e4aa342593503949e02f8251b10e6d9c71c0b1fef"
published-version = "1"
