# @generated by Move, please check-in and do not edit manually.

[move]
version = 0
manifest_digest = "EF7DA5B9F22668A3B194F5C50EA1615D2AA089406768FC799534419BBBCD1C5E"
deps_digest = "112928C94A84031C09CD9B9D1D44B149B73FC0EEA5FA8D8B2D7CA4D91936335A"

dependencies = [
  { name = "Sui" },
]

[[move.package]]
name = "MoveStdlib"
source = { git = "https://github.com/MystenLabs/sui.git", rev = "testnet-v1.8.0", subdir = "crates/sui-framework/packages/move-stdlib" }

[[move.package]]
name = "Sui"
source = { git = "https://github.com/MystenLabs/sui.git", rev = "testnet-v1.8.0", subdir = "crates/sui-framework/packages/sui-framework" }

dependencies = [
  { name = "MoveStdlib" },
]
