# @generated by Move, please check-in and do not edit manually.

[move]
version = 3
manifest_digest = "7849D4228A12F69A1CE3B324DE8068AEAB723A8B312CF2BF367A05CDDE774330"
deps_digest = "3C4103934B1E040BB6B23F1D610B4EF9F2F1166A50A104EADCF77467C004C600"
dependencies = [
  { id = "Dubhe", name = "Dubhe" },
  { id = "Sui", name = "Sui" },
]

[[move.package]]
id = "Dubhe"
source = { local = "../dubhe-framework" }

dependencies = [
  { id = "Sui", name = "Sui" },
]

[[move.package]]
id = "MoveStdlib"
source = { git = "https://github.com/MystenLabs/sui.git", rev = "mainnet-v1.38.3", subdir = "crates/sui-framework/packages/move-stdlib" }

[[move.package]]
id = "Sui"
source = { git = "https://github.com/MystenLabs/sui.git", rev = "mainnet-v1.38.3", subdir = "crates/sui-framework/packages/sui-framework" }

dependencies = [
  { id = "MoveStdlib", name = "MoveStdlib" },
]

[move.toolchain-version]
compiler-version = "1.40.1"
edition = "2024"
flavor = "sui"



[env.testnet]
chain-id = "4c78adac"
original-published-id = "0x06000273b9a83423bc27dafca5a7023c435ea0e78e616f1937bc2d41d7683d91"
latest-published-id = "0x06000273b9a83423bc27dafca5a7023c435ea0e78e616f1937bc2d41d7683d91"
published-version = "1"
